
Microsoft Visual Studio Solution File, Format Version 12.00
# Visual Studio Version 17
VisualStudioVersion = 17.12.35707.178
MinimumVisualStudioVersion = 10.0.40219.1
Project("{FAE04EC0-301F-11D3-BF4B-00C04F79EFBC}") = "Task 1_1", "Task 1_1\Task 1_1.csproj", "{6838FD3D-33B8-4621-A4F7-6B6872192DDD}"
EndProject
Project("{FAE04EC0-301F-11D3-BF4B-00C04F79EFBC}") = "Task 2_1", "Task 2_1\Task 2_1.csproj", "{26F56189-7185-437B-8AD2-AC9B73DDF928}"
EndProject
Project("{FAE04EC0-301F-11D3-BF4B-00C04F79EFBC}") = "Task 2_2", "Task 2_2\Task 2_2.csproj", "{E4251A0D-1232-43B9-8771-3D3F17901D08}"
EndProject
Project("{FAE04EC0-301F-11D3-BF4B-00C04F79EFBC}") = "Task 2_3", "Task 2_3\Task 2_3.csproj", "{74E4945A-513B-4AD6-A4E3-45E40D6FC891}"
EndProject
Project("{FAE04EC0-301F-11D3-BF4B-00C04F79EFBC}") = "Task 2_4", "Task 2_4\Task 2_4.csproj", "{2E6FB0BE-49F0-4A27-8924-86B6A17CE6EB}"
EndProject
Project("{FAE04EC0-301F-11D3-BF4B-00C04F79EFBC}") = "Task 2_5", "Task 2_5\Task 2_5.csproj", "{62846D7B-2E6F-4DFC-9172-9D92E9BEC97A}"
EndProject
Project("{FAE04EC0-301F-11D3-BF4B-00C04F79EFBC}") = "Task 2_6", "Task 2_6\Task 2_6.csproj", "{3195326C-EEEE-4147-9303-37D1038B8F75}"
EndProject
Project("{FAE04EC0-301F-11D3-BF4B-00C04F79EFBC}") = "Task 2_7", "Task 2_7\Task 2_7.csproj", "{7E6A4021-1428-4384-8834-34E4A432126F}"
EndProject
Project("{FAE04EC0-301F-11D3-BF4B-00C04F79EFBC}") = "Task 3_1", "Task 3_1\Task 3_1.csproj", "{8E3ADF07-64CC-4699-9368-5323F3B0A7B7}"
EndProject
Project("{FAE04EC0-301F-11D3-BF4B-00C04F79EFBC}") = "Task 3_2", "Task 3_2\Task 3_2.csproj", "{68CFFCDA-562B-46A0-801A-B16B2576FF26}"
EndProject
Project("{FAE04EC0-301F-11D3-BF4B-00C04F79EFBC}") = "Task 3_3", "Task 3_3\Task 3_3.csproj", "{0DC760E0-29DB-4E5A-BD85-E02EF28D36E2}"
EndProject
Project("{FAE04EC0-301F-11D3-BF4B-00C04F79EFBC}") = "Task 3_4", "Task 3_4\Task 3_4.csproj", "{624F0495-4A61-4765-9A8A-9D6635541BA3}"
EndProject
Project("{FAE04EC0-301F-11D3-BF4B-00C04F79EFBC}") = "Task 3_5", "Task 3_5\Task 3_5.csproj", "{58AE6C3E-3409-4FD4-83AC-6C0556219745}"
EndProject
Project("{FAE04EC0-301F-11D3-BF4B-00C04F79EFBC}") = "Task 3_6", "Task 3_6\Task 3_6.csproj", "{07A90D2F-4237-4F82-B7C1-48C0CA39E994}"
EndProject
Project("{FAE04EC0-301F-11D3-BF4B-00C04F79EFBC}") = "Task 3_7", "Task 3_7\Task 3_7.csproj", "{407EEF45-1CBE-4CD0-9A3A-B84D62A876E8}"
EndProject
Project("{FAE04EC0-301F-11D3-BF4B-00C04F79EFBC}") = "Task 3_8", "Task 3_8\Task 3_8.csproj", "{D3A3685B-EECE-4E4C-AF58-EFABD2DA3FFF}"
EndProject
Project("{FAE04EC0-301F-11D3-BF4B-00C04F79EFBC}") = "Task 3_9", "Task 3_9\Task 3_9.csproj", "{B451B8D7-5FFA-4D05-9010-6C80252346D4}"
EndProject
Project("{FAE04EC0-301F-11D3-BF4B-00C04F79EFBC}") = "Task 3_10", "Task 3_10\Task 3_10.csproj", "{7D250E41-86DD-43D4-8DE0-773F48CD49DB}"
EndProject
Project("{FAE04EC0-301F-11D3-BF4B-00C04F79EFBC}") = "Task 3_11", "Task 3_11\Task 3_11.csproj", "{F7550AC8-D7FE-4C7D-ADA2-67CEB7741BF0}"
EndProject
Project("{FAE04EC0-301F-11D3-BF4B-00C04F79EFBC}") = "Task 3_12", "Task 3_12\Task 3_12.csproj", "{E4975FF0-83CC-43F6-B364-E6818F39EFC1}"
EndProject
Project("{FAE04EC0-301F-11D3-BF4B-00C04F79EFBC}") = "Task 4_1", "Task 4_1\Task 4_1.csproj", "{3063C57F-A0A7-41C3-8D3E-58DDF1933D06}"
EndProject
Project("{FAE04EC0-301F-11D3-BF4B-00C04F79EFBC}") = "Task 4_2", "Task 4_2\Task 4_2.csproj", "{3F90C5B1-4EB4-4CDC-8161-6401685E9335}"
EndProject
Global
	GlobalSection(SolutionConfigurationPlatforms) = preSolution
		Debug|Any CPU = Debug|Any CPU
		Release|Any CPU = Release|Any CPU
	EndGlobalSection
	GlobalSection(ProjectConfigurationPlatforms) = postSolution
		{6838FD3D-33B8-4621-A4F7-6B6872192DDD}.Debug|Any CPU.ActiveCfg = Debug|Any CPU
		{6838FD3D-33B8-4621-A4F7-6B6872192DDD}.Debug|Any CPU.Build.0 = Debug|Any CPU
		{6838FD3D-33B8-4621-A4F7-6B6872192DDD}.Release|Any CPU.ActiveCfg = Release|Any CPU
		{6838FD3D-33B8-4621-A4F7-6B6872192DDD}.Release|Any CPU.Build.0 = Release|Any CPU
		{26F56189-7185-437B-8AD2-AC9B73DDF928}.Debug|Any CPU.ActiveCfg = Debug|Any CPU
		{26F56189-7185-437B-8AD2-AC9B73DDF928}.Debug|Any CPU.Build.0 = Debug|Any CPU
		{26F56189-7185-437B-8AD2-AC9B73DDF928}.Release|Any CPU.ActiveCfg = Release|Any CPU
		{26F56189-7185-437B-8AD2-AC9B73DDF928}.Release|Any CPU.Build.0 = Release|Any CPU
		{E4251A0D-1232-43B9-8771-3D3F17901D08}.Debug|Any CPU.ActiveCfg = Debug|Any CPU
		{E4251A0D-1232-43B9-8771-3D3F17901D08}.Debug|Any CPU.Build.0 = Debug|Any CPU
		{E4251A0D-1232-43B9-8771-3D3F17901D08}.Release|Any CPU.ActiveCfg = Release|Any CPU
		{E4251A0D-1232-43B9-8771-3D3F17901D08}.Release|Any CPU.Build.0 = Release|Any CPU
		{74E4945A-513B-4AD6-A4E3-45E40D6FC891}.Debug|Any CPU.ActiveCfg = Debug|Any CPU
		{74E4945A-513B-4AD6-A4E3-45E40D6FC891}.Debug|Any CPU.Build.0 = Debug|Any CPU
		{74E4945A-513B-4AD6-A4E3-45E40D6FC891}.Release|Any CPU.ActiveCfg = Release|Any CPU
		{74E4945A-513B-4AD6-A4E3-45E40D6FC891}.Release|Any CPU.Build.0 = Release|Any CPU
		{2E6FB0BE-49F0-4A27-8924-86B6A17CE6EB}.Debug|Any CPU.ActiveCfg = Debug|Any CPU
		{2E6FB0BE-49F0-4A27-8924-86B6A17CE6EB}.Debug|Any CPU.Build.0 = Debug|Any CPU
		{2E6FB0BE-49F0-4A27-8924-86B6A17CE6EB}.Release|Any CPU.ActiveCfg = Release|Any CPU
		{2E6FB0BE-49F0-4A27-8924-86B6A17CE6EB}.Release|Any CPU.Build.0 = Release|Any CPU
		{62846D7B-2E6F-4DFC-9172-9D92E9BEC97A}.Debug|Any CPU.ActiveCfg = Debug|Any CPU
		{62846D7B-2E6F-4DFC-9172-9D92E9BEC97A}.Debug|Any CPU.Build.0 = Debug|Any CPU
		{62846D7B-2E6F-4DFC-9172-9D92E9BEC97A}.Release|Any CPU.ActiveCfg = Release|Any CPU
		{62846D7B-2E6F-4DFC-9172-9D92E9BEC97A}.Release|Any CPU.Build.0 = Release|Any CPU
		{3195326C-EEEE-4147-9303-37D1038B8F75}.Debug|Any CPU.ActiveCfg = Debug|Any CPU
		{3195326C-EEEE-4147-9303-37D1038B8F75}.Debug|Any CPU.Build.0 = Debug|Any CPU
		{3195326C-EEEE-4147-9303-37D1038B8F75}.Release|Any CPU.ActiveCfg = Release|Any CPU
		{3195326C-EEEE-4147-9303-37D1038B8F75}.Release|Any CPU.Build.0 = Release|Any CPU
		{7E6A4021-1428-4384-8834-34E4A432126F}.Debug|Any CPU.ActiveCfg = Debug|Any CPU
		{7E6A4021-1428-4384-8834-34E4A432126F}.Debug|Any CPU.Build.0 = Debug|Any CPU
		{7E6A4021-1428-4384-8834-34E4A432126F}.Release|Any CPU.ActiveCfg = Release|Any CPU
		{7E6A4021-1428-4384-8834-34E4A432126F}.Release|Any CPU.Build.0 = Release|Any CPU
		{8E3ADF07-64CC-4699-9368-5323F3B0A7B7}.Debug|Any CPU.ActiveCfg = Debug|Any CPU
		{8E3ADF07-64CC-4699-9368-5323F3B0A7B7}.Debug|Any CPU.Build.0 = Debug|Any CPU
		{8E3ADF07-64CC-4699-9368-5323F3B0A7B7}.Release|Any CPU.ActiveCfg = Release|Any CPU
		{8E3ADF07-64CC-4699-9368-5323F3B0A7B7}.Release|Any CPU.Build.0 = Release|Any CPU
		{68CFFCDA-562B-46A0-801A-B16B2576FF26}.Debug|Any CPU.ActiveCfg = Debug|Any CPU
		{68CFFCDA-562B-46A0-801A-B16B2576FF26}.Debug|Any CPU.Build.0 = Debug|Any CPU
		{68CFFCDA-562B-46A0-801A-B16B2576FF26}.Release|Any CPU.ActiveCfg = Release|Any CPU
		{68CFFCDA-562B-46A0-801A-B16B2576FF26}.Release|Any CPU.Build.0 = Release|Any CPU
		{0DC760E0-29DB-4E5A-BD85-E02EF28D36E2}.Debug|Any CPU.ActiveCfg = Debug|Any CPU
		{0DC760E0-29DB-4E5A-BD85-E02EF28D36E2}.Debug|Any CPU.Build.0 = Debug|Any CPU
		{0DC760E0-29DB-4E5A-BD85-E02EF28D36E2}.Release|Any CPU.ActiveCfg = Release|Any CPU
		{0DC760E0-29DB-4E5A-BD85-E02EF28D36E2}.Release|Any CPU.Build.0 = Release|Any CPU
		{624F0495-4A61-4765-9A8A-9D6635541BA3}.Debug|Any CPU.ActiveCfg = Debug|Any CPU
		{624F0495-4A61-4765-9A8A-9D6635541BA3}.Debug|Any CPU.Build.0 = Debug|Any CPU
		{624F0495-4A61-4765-9A8A-9D6635541BA3}.Release|Any CPU.ActiveCfg = Release|Any CPU
		{624F0495-4A61-4765-9A8A-9D6635541BA3}.Release|Any CPU.Build.0 = Release|Any CPU
		{58AE6C3E-3409-4FD4-83AC-6C0556219745}.Debug|Any CPU.ActiveCfg = Debug|Any CPU
		{58AE6C3E-3409-4FD4-83AC-6C0556219745}.Debug|Any CPU.Build.0 = Debug|Any CPU
		{58AE6C3E-3409-4FD4-83AC-6C0556219745}.Release|Any CPU.ActiveCfg = Release|Any CPU
		{58AE6C3E-3409-4FD4-83AC-6C0556219745}.Release|Any CPU.Build.0 = Release|Any CPU
		{07A90D2F-4237-4F82-B7C1-48C0CA39E994}.Debug|Any CPU.ActiveCfg = Debug|Any CPU
		{07A90D2F-4237-4F82-B7C1-48C0CA39E994}.Debug|Any CPU.Build.0 = Debug|Any CPU
		{07A90D2F-4237-4F82-B7C1-48C0CA39E994}.Release|Any CPU.ActiveCfg = Release|Any CPU
		{07A90D2F-4237-4F82-B7C1-48C0CA39E994}.Release|Any CPU.Build.0 = Release|Any CPU
		{407EEF45-1CBE-4CD0-9A3A-B84D62A876E8}.Debug|Any CPU.ActiveCfg = Debug|Any CPU
		{407EEF45-1CBE-4CD0-9A3A-B84D62A876E8}.Debug|Any CPU.Build.0 = Debug|Any CPU
		{407EEF45-1CBE-4CD0-9A3A-B84D62A876E8}.Release|Any CPU.ActiveCfg = Release|Any CPU
		{407EEF45-1CBE-4CD0-9A3A-B84D62A876E8}.Release|Any CPU.Build.0 = Release|Any CPU
		{D3A3685B-EECE-4E4C-AF58-EFABD2DA3FFF}.Debug|Any CPU.ActiveCfg = Debug|Any CPU
		{D3A3685B-EECE-4E4C-AF58-EFABD2DA3FFF}.Debug|Any CPU.Build.0 = Debug|Any CPU
		{D3A3685B-EECE-4E4C-AF58-EFABD2DA3FFF}.Release|Any CPU.ActiveCfg = Release|Any CPU
		{D3A3685B-EECE-4E4C-AF58-EFABD2DA3FFF}.Release|Any CPU.Build.0 = Release|Any CPU
		{B451B8D7-5FFA-4D05-9010-6C80252346D4}.Debug|Any CPU.ActiveCfg = Debug|Any CPU
		{B451B8D7-5FFA-4D05-9010-6C80252346D4}.Debug|Any CPU.Build.0 = Debug|Any CPU
		{B451B8D7-5FFA-4D05-9010-6C80252346D4}.Release|Any CPU.ActiveCfg = Release|Any CPU
		{B451B8D7-5FFA-4D05-9010-6C80252346D4}.Release|Any CPU.Build.0 = Release|Any CPU
		{7D250E41-86DD-43D4-8DE0-773F48CD49DB}.Debug|Any CPU.ActiveCfg = Debug|Any CPU
		{7D250E41-86DD-43D4-8DE0-773F48CD49DB}.Debug|Any CPU.Build.0 = Debug|Any CPU
		{7D250E41-86DD-43D4-8DE0-773F48CD49DB}.Release|Any CPU.ActiveCfg = Release|Any CPU
		{7D250E41-86DD-43D4-8DE0-773F48CD49DB}.Release|Any CPU.Build.0 = Release|Any CPU
		{F7550AC8-D7FE-4C7D-ADA2-67CEB7741BF0}.Debug|Any CPU.ActiveCfg = Debug|Any CPU
		{F7550AC8-D7FE-4C7D-ADA2-67CEB7741BF0}.Debug|Any CPU.Build.0 = Debug|Any CPU
		{F7550AC8-D7FE-4C7D-ADA2-67CEB7741BF0}.Release|Any CPU.ActiveCfg = Release|Any CPU
		{F7550AC8-D7FE-4C7D-ADA2-67CEB7741BF0}.Release|Any CPU.Build.0 = Release|Any CPU
		{E4975FF0-83CC-43F6-B364-E6818F39EFC1}.Debug|Any CPU.ActiveCfg = Debug|Any CPU
		{E4975FF0-83CC-43F6-B364-E6818F39EFC1}.Debug|Any CPU.Build.0 = Debug|Any CPU
		{E4975FF0-83CC-43F6-B364-E6818F39EFC1}.Release|Any CPU.ActiveCfg = Release|Any CPU
		{E4975FF0-83CC-43F6-B364-E6818F39EFC1}.Release|Any CPU.Build.0 = Release|Any CPU
		{3063C57F-A0A7-41C3-8D3E-58DDF1933D06}.Debug|Any CPU.ActiveCfg = Debug|Any CPU
		{3063C57F-A0A7-41C3-8D3E-58DDF1933D06}.Debug|Any CPU.Build.0 = Debug|Any CPU
		{3063C57F-A0A7-41C3-8D3E-58DDF1933D06}.Release|Any CPU.ActiveCfg = Release|Any CPU
		{3063C57F-A0A7-41C3-8D3E-58DDF1933D06}.Release|Any CPU.Build.0 = Release|Any CPU
		{3F90C5B1-4EB4-4CDC-8161-6401685E9335}.Debug|Any CPU.ActiveCfg = Debug|Any CPU
		{3F90C5B1-4EB4-4CDC-8161-6401685E9335}.Debug|Any CPU.Build.0 = Debug|Any CPU
		{3F90C5B1-4EB4-4CDC-8161-6401685E9335}.Release|Any CPU.ActiveCfg = Release|Any CPU
		{3F90C5B1-4EB4-4CDC-8161-6401685E9335}.Release|Any CPU.Build.0 = Release|Any CPU
	EndGlobalSection
	GlobalSection(SolutionProperties) = preSolution
		HideSolutionNode = FALSE
	EndGlobalSection
	GlobalSection(ExtensibilityGlobals) = postSolution
		SolutionGuid = {26A643C4-3214-4C1A-8A8B-D660F511147E}
	EndGlobalSection
EndGlobal
