
Microsoft Visual Studio Solution File, Format Version 12.00
# Visual Studio Version 17
VisualStudioVersion = 17.12.35707.178
MinimumVisualStudioVersion = 10.0.40219.1
Project("{FAE04EC0-301F-11D3-BF4B-00C04F79EFBC}") = "Task 1_1", "Task 1_1\Task 1_1.csproj", "{6838FD3D-33B8-4621-A4F7-6B6872192DDD}"
EndProject
Project("{FAE04EC0-301F-11D3-BF4B-00C04F79EFBC}") = "Task 2_1", "Task 2_1\Task 2_1.csproj", "{26F56189-7185-437B-8AD2-AC9B73DDF928}"
EndProject
Project("{FAE04EC0-301F-11D3-BF4B-00C04F79EFBC}") = "Task 2_2", "Task 2_2\Task 2_2.csproj", "{E4251A0D-1232-43B9-8771-3D3F17901D08}"
EndProject
Project("{FAE04EC0-301F-11D3-BF4B-00C04F79EFBC}") = "Task 2_3", "Task 2_3\Task 2_3.csproj", "{74E4945A-513B-4AD6-A4E3-45E40D6FC891}"
EndProject
Project("{FAE04EC0-301F-11D3-BF4B-00C04F79EFBC}") = "Task 2_4", "Task 2_4\Task 2_4.csproj", "{2E6FB0BE-49F0-4A27-8924-86B6A17CE6EB}"
EndProject
Project("{FAE04EC0-301F-11D3-BF4B-00C04F79EFBC}") = "Task 2_5", "Task 2_5\Task 2_5.csproj", "{62846D7B-2E6F-4DFC-9172-9D92E9BEC97A}"
EndProject
Project("{FAE04EC0-301F-11D3-BF4B-00C04F79EFBC}") = "Task 2_6", "Task 2_6\Task 2_6.csproj", "{3195326C-EEEE-4147-9303-37D1038B8F75}"
EndProject
Project("{FAE04EC0-301F-11D3-BF4B-00C04F79EFBC}") = "Task 2_7", "Task 2_7\Task 2_7.csproj", "{7E6A4021-1428-4384-8834-34E4A432126F}"
EndProject
Project("{FAE04EC0-301F-11D3-BF4B-00C04F79EFBC}") = "Task 3_1", "Task 3_1\Task 3_1.csproj", "{8E3ADF07-64CC-4699-9368-5323F3B0A7B7}"
EndProject
Project("{FAE04EC0-301F-11D3-BF4B-00C04F79EFBC}") = "Task 3_2", "Task 3_2\Task 3_2.csproj", "{68CFFCDA-562B-46A0-801A-B16B2576FF26}"
EndProject
Project("{FAE04EC0-301F-11D3-BF4B-00C04F79EFBC}") = "Task 3_3", "Task 3_3\Task 3_3.csproj", "{0DC760E0-29DB-4E5A-BD85-E02EF28D36E2}"
EndProject
Project("{FAE04EC0-301F-11D3-BF4B-00C04F79EFBC}") = "Task 3_4", "Task 3_4\Task 3_4.csproj", "{624F0495-4A61-4765-9A8A-9D6635541BA3}"
EndProject
Project("{FAE04EC0-301F-11D3-BF4B-00C04F79EFBC}") = "Task 3_5", "Task 3_5\Task 3_5.csproj", "{58AE6C3E-3409-4FD4-83AC-6C0556219745}"
EndProject
Project("{FAE04EC0-301F-11D3-BF4B-00C04F79EFBC}") = "Task 3_6", "Task 3_6\Task 3_6.csproj", "{07A90D2F-4237-4F82-B7C1-48C0CA39E994}"
EndProject
Project("{FAE04EC0-301F-11D3-BF4B-00C04F79EFBC}") = "Task 3_7", "Task 3_7\Task 3_7.csproj", "{407EEF45-1CBE-4CD0-9A3A-B84D62A876E8}"
EndProject
Project("{FAE04EC0-301F-11D3-BF4B-00C04F79EFBC}") = "Task 3_8", "Task 3_8\Task 3_8.csproj", "{D3A3685B-EECE-4E4C-AF58-EFABD2DA3FFF}"
EndProject
Project("{FAE04EC0-301F-11D3-BF4B-00C04F79EFBC}") = "Task 3_9", "Task 3_9\Task 3_9.csproj", "{B451B8D7-5FFA-4D05-9010-6C80252346D4}"
EndProject
Project("{FAE04EC0-301F-11D3-BF4B-00C04F79EFBC}") = "Task 3_10", "Task 3_10\Task 3_10.csproj", "{7D250E41-86DD-43D4-8DE0-773F48CD49DB}"
EndProject
Project("{FAE04EC0-301F-11D3-BF4B-00C04F79EFBC}") = "Task 3_11", "Task 3_11\Task 3_11.csproj", "{F7550AC8-D7FE-4C7D-ADA2-67CEB7741BF0}"
EndProject
Project("{FAE04EC0-301F-11D3-BF4B-00C04F79EFBC}") = "Task 3_12", "Task 3_12\Task 3_12.csproj", "{E4975FF0-83CC-43F6-B364-E6818F39EFC1}"
EndProject
Project("{FAE04EC0-301F-11D3-BF4B-00C04F79EFBC}") = "Task 4_1", "Task 4_1\Task 4_1.csproj", "{3063C57F-A0A7-41C3-8D3E-58DDF1933D06}"
EndProject
Project("{FAE04EC0-301F-11D3-BF4B-00C04F79EFBC}") = "Task 4_2", "Task 4_2\Task 4_2.csproj", "{3F90C5B1-4EB4-4CDC-8161-6401685E9335}"
EndProject
Project("{FAE04EC0-301F-11D3-BF4B-00C04F79EFBC}") = "Task 4_3", "Task 4_3\Task 4_3.csproj", "{620695F8-0236-48ED-8EB5-13516B555C99}"
EndProject
Project("{FAE04EC0-301F-11D3-BF4B-00C04F79EFBC}") = "Task 4_4", "Task 4_4\Task 4_4.csproj", "{E01FECF5-4D37-492C-AAB0-873AF5720309}"
EndProject
Project("{FAE04EC0-301F-11D3-BF4B-00C04F79EFBC}") = "Task 4_5", "Task 4_5\Task 4_5.csproj", "{5300C74D-64F7-46AB-AF4E-E773A0D6FB9D}"
EndProject
Project("{FAE04EC0-301F-11D3-BF4B-00C04F79EFBC}") = "Task 4_6", "Task 4_6\Task 4_6.csproj", "{7704F9A6-77BF-42ED-978D-7B5B045D8E8F}"
EndProject
Project("{FAE04EC0-301F-11D3-BF4B-00C04F79EFBC}") = "Task 4_7", "Task 4_7\Task 4_7.csproj", "{FBBB4CCE-05B2-4638-9ADF-D5672E079A40}"
EndProject
Project("{FAE04EC0-301F-11D3-BF4B-00C04F79EFBC}") = "Task 4_8", "Task 4_8\Task 4_8.csproj", "{93DF8AB8-C86C-4A2C-90B2-6BB6A8D3BADB}"
EndProject
Project("{FAE04EC0-301F-11D3-BF4B-00C04F79EFBC}") = "Task 5_1", "Task 5_1\Task 5_1.csproj", "{2D26E395-D857-476B-AF40-3FAAAE1A3EA8}"
EndProject
Project("{FAE04EC0-301F-11D3-BF4B-00C04F79EFBC}") = "Task 5_2", "Task 5_2\Task 5_2.csproj", "{70433EA2-886B-40DE-A32E-4C49888FA407}"
EndProject
Project("{FAE04EC0-301F-11D3-BF4B-00C04F79EFBC}") = "Task 5_3", "Task 5_3\Task 5_3.csproj", "{13E904D1-9DAE-456A-9AF8-617D5C0EE5C4}"
EndProject
Project("{FAE04EC0-301F-11D3-BF4B-00C04F79EFBC}") = "Task 5_4", "Task 5_4\Task 5_4.csproj", "{5D7AF104-9275-423E-BBBA-B3120BA66F5F}"
EndProject
Project("{FAE04EC0-301F-11D3-BF4B-00C04F79EFBC}") = "Task 5_5", "Task 5_5\Task 5_5.csproj", "{1D9328A5-95AB-4A51-9037-7C92FE621209}"
EndProject
Project("{FAE04EC0-301F-11D3-BF4B-00C04F79EFBC}") = "Task 5_6", "Task 5_6\Task 5_6.csproj", "{5DAE94AB-4C45-46CE-83FE-971DD892A07D}"
EndProject
Project("{FAE04EC0-301F-11D3-BF4B-00C04F79EFBC}") = "Task 5_7", "Task 5_7\Task 5_7.csproj", "{14991C68-0997-4B59-A471-F3681EDCE13E}"
EndProject
Project("{FAE04EC0-301F-11D3-BF4B-00C04F79EFBC}") = "Task 5_8", "Task 5_8\Task 5_8.csproj", "{999B9A92-FAF9-4F84-855C-9E2B45606F93}"
EndProject
Project("{FAE04EC0-301F-11D3-BF4B-00C04F79EFBC}") = "Task 5_9", "Task 5_9\Task 5_9.csproj", "{5CB75004-88B0-4A8B-9E3D-6D4F8A5B0859}"
EndProject
Project("{FAE04EC0-301F-11D3-BF4B-00C04F79EFBC}") = "Task 5_10", "Task 5_10\Task 5_10.csproj", "{BBF3E8EF-D23C-4521-9923-136D418EA217}"
EndProject
Project("{FAE04EC0-301F-11D3-BF4B-00C04F79EFBC}") = "Task 6_1", "Task 6_1\Task 6_1.csproj", "{654E9C93-099C-44B8-8E4D-AA80149DD8AB}"
EndProject
Project("{FAE04EC0-301F-11D3-BF4B-00C04F79EFBC}") = "Task 6_2", "Task 6_2\Task 6_2.csproj", "{D171FE05-078D-44DC-A555-BA6724AEA7EE}"
EndProject
Project("{FAE04EC0-301F-11D3-BF4B-00C04F79EFBC}") = "Task 6_3", "Task 6_3\Task 6_3.csproj", "{1016962C-48A5-4B68-BEF8-042096171CA2}"
EndProject
Project("{FAE04EC0-301F-11D3-BF4B-00C04F79EFBC}") = "Task 6_4", "Task 6_4\Task 6_4.csproj", "{FF1BBC98-2D73-4206-B1E6-D0F30B6230F5}"
EndProject
Project("{FAE04EC0-301F-11D3-BF4B-00C04F79EFBC}") = "Task 6_5", "Task 6_5\Task 6_5.csproj", "{4AABBC29-6974-4786-B5E8-CE264DB460BA}"
EndProject
Project("{FAE04EC0-301F-11D3-BF4B-00C04F79EFBC}") = "Task 6_6", "Task 6_6\Task 6_6.csproj", "{089CBF72-ECDA-403E-9547-3D53DA81ECB2}"
EndProject
Project("{FAE04EC0-301F-11D3-BF4B-00C04F79EFBC}") = "Task 8_1", "Task 8_1\Task 8_1.csproj", "{DB292B14-B86F-4B3E-ACFB-B93132E8ADFF}"
EndProject
Project("{FAE04EC0-301F-11D3-BF4B-00C04F79EFBC}") = "Task 8_2", "Task 8_2\Task 8_2.csproj", "{0EBFAA60-E08D-473D-A3CD-746822CA6B84}"
EndProject
Project("{FAE04EC0-301F-11D3-BF4B-00C04F79EFBC}") = "Task 7_1", "Task 7_1\Task 7_1.csproj", "{0A88AA39-776E-4858-8856-980029475269}"
EndProject
Project("{FAE04EC0-301F-11D3-BF4B-00C04F79EFBC}") = "Task 7_2", "Task 7_2\Task 7_2.csproj", "{4C09267C-D74D-4E5E-AA04-1AD4BB764D74}"
EndProject
Project("{FAE04EC0-301F-11D3-BF4B-00C04F79EFBC}") = "Task 7_3", "Task 7_3\Task 7_3.csproj", "{E1809F03-A290-4251-B216-9690FE47E037}"
EndProject
Project("{FAE04EC0-301F-11D3-BF4B-00C04F79EFBC}") = "Task 7_4", "Task 7_4\Task 7_4.csproj", "{C10BC377-BE2B-44AF-8953-54E9144C51A2}"
EndProject
Project("{FAE04EC0-301F-11D3-BF4B-00C04F79EFBC}") = "Task 7_5", "Task 7_5\Task 7_5.csproj", "{BA988B2E-60B7-421F-8666-B9B551453656}"
EndProject
Project("{FAE04EC0-301F-11D3-BF4B-00C04F79EFBC}") = "Task 9_1", "Task 9_1\Task 9_1.csproj", "{17965046-E5E5-4045-9B36-7AE0A4960AC9}"
EndProject
Project("{FAE04EC0-301F-11D3-BF4B-00C04F79EFBC}") = "Task 9_2", "Task 9_2\Task 9_2.csproj", "{824A6469-3AFE-4BD4-99A0-4C7065CCF7AB}"
EndProject
Project("{FAE04EC0-301F-11D3-BF4B-00C04F79EFBC}") = "Task 10_1", "Task 10_1\Task 10_1.csproj", "{1DDC0DD7-2B72-4E89-9D3C-1A8C559EAA03}"
EndProject
Project("{FAE04EC0-301F-11D3-BF4B-00C04F79EFBC}") = "Task 11_1", "Task 11_1\Task 11_1.csproj", "{F817788F-2DB1-4643-93AB-CFAAE0ECF54A}"
EndProject
Project("{FAE04EC0-301F-11D3-BF4B-00C04F79EFBC}") = "Task 11_2", "Task 11_2\Task 11_2.csproj", "{73D5C629-64DF-4DC1-BD72-BFF94DF64E23}"
EndProject
Project("{FAE04EC0-301F-11D3-BF4B-00C04F79EFBC}") = "Task 12_1", "Task 12_1\Task 12_1.csproj", "{06CEA965-8879-4CF1-A85B-1FB0973A0E19}"
EndProject
Project("{FAE04EC0-301F-11D3-BF4B-00C04F79EFBC}") = "Task 13_1", "Task 13_1\Task 13_1.csproj", "{F0438D55-B2DF-4076-9507-44E95ABFDD2E}"
EndProject
Project("{FAE04EC0-301F-11D3-BF4B-00C04F79EFBC}") = "Task 13_2", "Task 13_2\Task 13_2.csproj", "{E7639F1A-FF04-42D8-B165-4DE1CD857191}"
EndProject
Project("{FAE04EC0-301F-11D3-BF4B-00C04F79EFBC}") = "Task 14_1", "Task 14_1\Task 14_1.csproj", "{A54C0D08-A281-4E05-AC18-66DE0DDA2AE4}"
EndProject
Project("{FAE04EC0-301F-11D3-BF4B-00C04F79EFBC}") = "Task 14_2", "Task 14_2\Task 14_2.csproj", "{ACBD4124-DFA0-424F-A200-F462FC97B2B7}"
EndProject
Project("{FAE04EC0-301F-11D3-BF4B-00C04F79EFBC}") = "Task 14_3", "Task 14_3\Task 14_3.csproj", "{6E9EF17E-7D02-471E-B95F-F504AA44A53C}"
EndProject
Global
	GlobalSection(SolutionConfigurationPlatforms) = preSolution
		Debug|Any CPU = Debug|Any CPU
		Release|Any CPU = Release|Any CPU
	EndGlobalSection
	GlobalSection(ProjectConfigurationPlatforms) = postSolution
		{6838FD3D-33B8-4621-A4F7-6B6872192DDD}.Debug|Any CPU.ActiveCfg = Debug|Any CPU
		{6838FD3D-33B8-4621-A4F7-6B6872192DDD}.Debug|Any CPU.Build.0 = Debug|Any CPU
		{6838FD3D-33B8-4621-A4F7-6B6872192DDD}.Release|Any CPU.ActiveCfg = Release|Any CPU
		{6838FD3D-33B8-4621-A4F7-6B6872192DDD}.Release|Any CPU.Build.0 = Release|Any CPU
		{26F56189-7185-437B-8AD2-AC9B73DDF928}.Debug|Any CPU.ActiveCfg = Debug|Any CPU
		{26F56189-7185-437B-8AD2-AC9B73DDF928}.Debug|Any CPU.Build.0 = Debug|Any CPU
		{26F56189-7185-437B-8AD2-AC9B73DDF928}.Release|Any CPU.ActiveCfg = Release|Any CPU
		{26F56189-7185-437B-8AD2-AC9B73DDF928}.Release|Any CPU.Build.0 = Release|Any CPU
		{E4251A0D-1232-43B9-8771-3D3F17901D08}.Debug|Any CPU.ActiveCfg = Debug|Any CPU
		{E4251A0D-1232-43B9-8771-3D3F17901D08}.Debug|Any CPU.Build.0 = Debug|Any CPU
		{E4251A0D-1232-43B9-8771-3D3F17901D08}.Release|Any CPU.ActiveCfg = Release|Any CPU
		{E4251A0D-1232-43B9-8771-3D3F17901D08}.Release|Any CPU.Build.0 = Release|Any CPU
		{74E4945A-513B-4AD6-A4E3-45E40D6FC891}.Debug|Any CPU.ActiveCfg = Debug|Any CPU
		{74E4945A-513B-4AD6-A4E3-45E40D6FC891}.Debug|Any CPU.Build.0 = Debug|Any CPU
		{74E4945A-513B-4AD6-A4E3-45E40D6FC891}.Release|Any CPU.ActiveCfg = Release|Any CPU
		{74E4945A-513B-4AD6-A4E3-45E40D6FC891}.Release|Any CPU.Build.0 = Release|Any CPU
		{2E6FB0BE-49F0-4A27-8924-86B6A17CE6EB}.Debug|Any CPU.ActiveCfg = Debug|Any CPU
		{2E6FB0BE-49F0-4A27-8924-86B6A17CE6EB}.Debug|Any CPU.Build.0 = Debug|Any CPU
		{2E6FB0BE-49F0-4A27-8924-86B6A17CE6EB}.Release|Any CPU.ActiveCfg = Release|Any CPU
		{2E6FB0BE-49F0-4A27-8924-86B6A17CE6EB}.Release|Any CPU.Build.0 = Release|Any CPU
		{62846D7B-2E6F-4DFC-9172-9D92E9BEC97A}.Debug|Any CPU.ActiveCfg = Debug|Any CPU
		{62846D7B-2E6F-4DFC-9172-9D92E9BEC97A}.Debug|Any CPU.Build.0 = Debug|Any CPU
		{62846D7B-2E6F-4DFC-9172-9D92E9BEC97A}.Release|Any CPU.ActiveCfg = Release|Any CPU
		{62846D7B-2E6F-4DFC-9172-9D92E9BEC97A}.Release|Any CPU.Build.0 = Release|Any CPU
		{3195326C-EEEE-4147-9303-37D1038B8F75}.Debug|Any CPU.ActiveCfg = Debug|Any CPU
		{3195326C-EEEE-4147-9303-37D1038B8F75}.Debug|Any CPU.Build.0 = Debug|Any CPU
		{3195326C-EEEE-4147-9303-37D1038B8F75}.Release|Any CPU.ActiveCfg = Release|Any CPU
		{3195326C-EEEE-4147-9303-37D1038B8F75}.Release|Any CPU.Build.0 = Release|Any CPU
		{7E6A4021-1428-4384-8834-34E4A432126F}.Debug|Any CPU.ActiveCfg = Debug|Any CPU
		{7E6A4021-1428-4384-8834-34E4A432126F}.Debug|Any CPU.Build.0 = Debug|Any CPU
		{7E6A4021-1428-4384-8834-34E4A432126F}.Release|Any CPU.ActiveCfg = Release|Any CPU
		{7E6A4021-1428-4384-8834-34E4A432126F}.Release|Any CPU.Build.0 = Release|Any CPU
		{8E3ADF07-64CC-4699-9368-5323F3B0A7B7}.Debug|Any CPU.ActiveCfg = Debug|Any CPU
		{8E3ADF07-64CC-4699-9368-5323F3B0A7B7}.Debug|Any CPU.Build.0 = Debug|Any CPU
		{8E3ADF07-64CC-4699-9368-5323F3B0A7B7}.Release|Any CPU.ActiveCfg = Release|Any CPU
		{8E3ADF07-64CC-4699-9368-5323F3B0A7B7}.Release|Any CPU.Build.0 = Release|Any CPU
		{68CFFCDA-562B-46A0-801A-B16B2576FF26}.Debug|Any CPU.ActiveCfg = Debug|Any CPU
		{68CFFCDA-562B-46A0-801A-B16B2576FF26}.Debug|Any CPU.Build.0 = Debug|Any CPU
		{68CFFCDA-562B-46A0-801A-B16B2576FF26}.Release|Any CPU.ActiveCfg = Release|Any CPU
		{68CFFCDA-562B-46A0-801A-B16B2576FF26}.Release|Any CPU.Build.0 = Release|Any CPU
		{0DC760E0-29DB-4E5A-BD85-E02EF28D36E2}.Debug|Any CPU.ActiveCfg = Debug|Any CPU
		{0DC760E0-29DB-4E5A-BD85-E02EF28D36E2}.Debug|Any CPU.Build.0 = Debug|Any CPU
		{0DC760E0-29DB-4E5A-BD85-E02EF28D36E2}.Release|Any CPU.ActiveCfg = Release|Any CPU
		{0DC760E0-29DB-4E5A-BD85-E02EF28D36E2}.Release|Any CPU.Build.0 = Release|Any CPU
		{624F0495-4A61-4765-9A8A-9D6635541BA3}.Debug|Any CPU.ActiveCfg = Debug|Any CPU
		{624F0495-4A61-4765-9A8A-9D6635541BA3}.Debug|Any CPU.Build.0 = Debug|Any CPU
		{624F0495-4A61-4765-9A8A-9D6635541BA3}.Release|Any CPU.ActiveCfg = Release|Any CPU
		{624F0495-4A61-4765-9A8A-9D6635541BA3}.Release|Any CPU.Build.0 = Release|Any CPU
		{58AE6C3E-3409-4FD4-83AC-6C0556219745}.Debug|Any CPU.ActiveCfg = Debug|Any CPU
		{58AE6C3E-3409-4FD4-83AC-6C0556219745}.Debug|Any CPU.Build.0 = Debug|Any CPU
		{58AE6C3E-3409-4FD4-83AC-6C0556219745}.Release|Any CPU.ActiveCfg = Release|Any CPU
		{58AE6C3E-3409-4FD4-83AC-6C0556219745}.Release|Any CPU.Build.0 = Release|Any CPU
		{07A90D2F-4237-4F82-B7C1-48C0CA39E994}.Debug|Any CPU.ActiveCfg = Debug|Any CPU
		{07A90D2F-4237-4F82-B7C1-48C0CA39E994}.Debug|Any CPU.Build.0 = Debug|Any CPU
		{07A90D2F-4237-4F82-B7C1-48C0CA39E994}.Release|Any CPU.ActiveCfg = Release|Any CPU
		{07A90D2F-4237-4F82-B7C1-48C0CA39E994}.Release|Any CPU.Build.0 = Release|Any CPU
		{407EEF45-1CBE-4CD0-9A3A-B84D62A876E8}.Debug|Any CPU.ActiveCfg = Debug|Any CPU
		{407EEF45-1CBE-4CD0-9A3A-B84D62A876E8}.Debug|Any CPU.Build.0 = Debug|Any CPU
		{407EEF45-1CBE-4CD0-9A3A-B84D62A876E8}.Release|Any CPU.ActiveCfg = Release|Any CPU
		{407EEF45-1CBE-4CD0-9A3A-B84D62A876E8}.Release|Any CPU.Build.0 = Release|Any CPU
		{D3A3685B-EECE-4E4C-AF58-EFABD2DA3FFF}.Debug|Any CPU.ActiveCfg = Debug|Any CPU
		{D3A3685B-EECE-4E4C-AF58-EFABD2DA3FFF}.Debug|Any CPU.Build.0 = Debug|Any CPU
		{D3A3685B-EECE-4E4C-AF58-EFABD2DA3FFF}.Release|Any CPU.ActiveCfg = Release|Any CPU
		{D3A3685B-EECE-4E4C-AF58-EFABD2DA3FFF}.Release|Any CPU.Build.0 = Release|Any CPU
		{B451B8D7-5FFA-4D05-9010-6C80252346D4}.Debug|Any CPU.ActiveCfg = Debug|Any CPU
		{B451B8D7-5FFA-4D05-9010-6C80252346D4}.Debug|Any CPU.Build.0 = Debug|Any CPU
		{B451B8D7-5FFA-4D05-9010-6C80252346D4}.Release|Any CPU.ActiveCfg = Release|Any CPU
		{B451B8D7-5FFA-4D05-9010-6C80252346D4}.Release|Any CPU.Build.0 = Release|Any CPU
		{7D250E41-86DD-43D4-8DE0-773F48CD49DB}.Debug|Any CPU.ActiveCfg = Debug|Any CPU
		{7D250E41-86DD-43D4-8DE0-773F48CD49DB}.Debug|Any CPU.Build.0 = Debug|Any CPU
		{7D250E41-86DD-43D4-8DE0-773F48CD49DB}.Release|Any CPU.ActiveCfg = Release|Any CPU
		{7D250E41-86DD-43D4-8DE0-773F48CD49DB}.Release|Any CPU.Build.0 = Release|Any CPU
		{F7550AC8-D7FE-4C7D-ADA2-67CEB7741BF0}.Debug|Any CPU.ActiveCfg = Debug|Any CPU
		{F7550AC8-D7FE-4C7D-ADA2-67CEB7741BF0}.Debug|Any CPU.Build.0 = Debug|Any CPU
		{F7550AC8-D7FE-4C7D-ADA2-67CEB7741BF0}.Release|Any CPU.ActiveCfg = Release|Any CPU
		{F7550AC8-D7FE-4C7D-ADA2-67CEB7741BF0}.Release|Any CPU.Build.0 = Release|Any CPU
		{E4975FF0-83CC-43F6-B364-E6818F39EFC1}.Debug|Any CPU.ActiveCfg = Debug|Any CPU
		{E4975FF0-83CC-43F6-B364-E6818F39EFC1}.Debug|Any CPU.Build.0 = Debug|Any CPU
		{E4975FF0-83CC-43F6-B364-E6818F39EFC1}.Release|Any CPU.ActiveCfg = Release|Any CPU
		{E4975FF0-83CC-43F6-B364-E6818F39EFC1}.Release|Any CPU.Build.0 = Release|Any CPU
		{3063C57F-A0A7-41C3-8D3E-58DDF1933D06}.Debug|Any CPU.ActiveCfg = Debug|Any CPU
		{3063C57F-A0A7-41C3-8D3E-58DDF1933D06}.Debug|Any CPU.Build.0 = Debug|Any CPU
		{3063C57F-A0A7-41C3-8D3E-58DDF1933D06}.Release|Any CPU.ActiveCfg = Release|Any CPU
		{3063C57F-A0A7-41C3-8D3E-58DDF1933D06}.Release|Any CPU.Build.0 = Release|Any CPU
		{3F90C5B1-4EB4-4CDC-8161-6401685E9335}.Debug|Any CPU.ActiveCfg = Debug|Any CPU
		{3F90C5B1-4EB4-4CDC-8161-6401685E9335}.Debug|Any CPU.Build.0 = Debug|Any CPU
		{3F90C5B1-4EB4-4CDC-8161-6401685E9335}.Release|Any CPU.ActiveCfg = Release|Any CPU
		{3F90C5B1-4EB4-4CDC-8161-6401685E9335}.Release|Any CPU.Build.0 = Release|Any CPU
		{620695F8-0236-48ED-8EB5-13516B555C99}.Debug|Any CPU.ActiveCfg = Debug|Any CPU
		{620695F8-0236-48ED-8EB5-13516B555C99}.Debug|Any CPU.Build.0 = Debug|Any CPU
		{620695F8-0236-48ED-8EB5-13516B555C99}.Release|Any CPU.ActiveCfg = Release|Any CPU
		{620695F8-0236-48ED-8EB5-13516B555C99}.Release|Any CPU.Build.0 = Release|Any CPU
		{E01FECF5-4D37-492C-AAB0-873AF5720309}.Debug|Any CPU.ActiveCfg = Debug|Any CPU
		{E01FECF5-4D37-492C-AAB0-873AF5720309}.Debug|Any CPU.Build.0 = Debug|Any CPU
		{E01FECF5-4D37-492C-AAB0-873AF5720309}.Release|Any CPU.ActiveCfg = Release|Any CPU
		{E01FECF5-4D37-492C-AAB0-873AF5720309}.Release|Any CPU.Build.0 = Release|Any CPU
		{5300C74D-64F7-46AB-AF4E-E773A0D6FB9D}.Debug|Any CPU.ActiveCfg = Debug|Any CPU
		{5300C74D-64F7-46AB-AF4E-E773A0D6FB9D}.Debug|Any CPU.Build.0 = Debug|Any CPU
		{5300C74D-64F7-46AB-AF4E-E773A0D6FB9D}.Release|Any CPU.ActiveCfg = Release|Any CPU
		{5300C74D-64F7-46AB-AF4E-E773A0D6FB9D}.Release|Any CPU.Build.0 = Release|Any CPU
		{7704F9A6-77BF-42ED-978D-7B5B045D8E8F}.Debug|Any CPU.ActiveCfg = Debug|Any CPU
		{7704F9A6-77BF-42ED-978D-7B5B045D8E8F}.Debug|Any CPU.Build.0 = Debug|Any CPU
		{7704F9A6-77BF-42ED-978D-7B5B045D8E8F}.Release|Any CPU.ActiveCfg = Release|Any CPU
		{7704F9A6-77BF-42ED-978D-7B5B045D8E8F}.Release|Any CPU.Build.0 = Release|Any CPU
		{FBBB4CCE-05B2-4638-9ADF-D5672E079A40}.Debug|Any CPU.ActiveCfg = Debug|Any CPU
		{FBBB4CCE-05B2-4638-9ADF-D5672E079A40}.Debug|Any CPU.Build.0 = Debug|Any CPU
		{FBBB4CCE-05B2-4638-9ADF-D5672E079A40}.Release|Any CPU.ActiveCfg = Release|Any CPU
		{FBBB4CCE-05B2-4638-9ADF-D5672E079A40}.Release|Any CPU.Build.0 = Release|Any CPU
		{93DF8AB8-C86C-4A2C-90B2-6BB6A8D3BADB}.Debug|Any CPU.ActiveCfg = Debug|Any CPU
		{93DF8AB8-C86C-4A2C-90B2-6BB6A8D3BADB}.Debug|Any CPU.Build.0 = Debug|Any CPU
		{93DF8AB8-C86C-4A2C-90B2-6BB6A8D3BADB}.Release|Any CPU.ActiveCfg = Release|Any CPU
		{93DF8AB8-C86C-4A2C-90B2-6BB6A8D3BADB}.Release|Any CPU.Build.0 = Release|Any CPU
		{2D26E395-D857-476B-AF40-3FAAAE1A3EA8}.Debug|Any CPU.ActiveCfg = Debug|Any CPU
		{2D26E395-D857-476B-AF40-3FAAAE1A3EA8}.Debug|Any CPU.Build.0 = Debug|Any CPU
		{2D26E395-D857-476B-AF40-3FAAAE1A3EA8}.Release|Any CPU.ActiveCfg = Release|Any CPU
		{2D26E395-D857-476B-AF40-3FAAAE1A3EA8}.Release|Any CPU.Build.0 = Release|Any CPU
		{70433EA2-886B-40DE-A32E-4C49888FA407}.Debug|Any CPU.ActiveCfg = Debug|Any CPU
		{70433EA2-886B-40DE-A32E-4C49888FA407}.Debug|Any CPU.Build.0 = Debug|Any CPU
		{70433EA2-886B-40DE-A32E-4C49888FA407}.Release|Any CPU.ActiveCfg = Release|Any CPU
		{70433EA2-886B-40DE-A32E-4C49888FA407}.Release|Any CPU.Build.0 = Release|Any CPU
		{13E904D1-9DAE-456A-9AF8-617D5C0EE5C4}.Debug|Any CPU.ActiveCfg = Debug|Any CPU
		{13E904D1-9DAE-456A-9AF8-617D5C0EE5C4}.Debug|Any CPU.Build.0 = Debug|Any CPU
		{13E904D1-9DAE-456A-9AF8-617D5C0EE5C4}.Release|Any CPU.ActiveCfg = Release|Any CPU
		{13E904D1-9DAE-456A-9AF8-617D5C0EE5C4}.Release|Any CPU.Build.0 = Release|Any CPU
		{5D7AF104-9275-423E-BBBA-B3120BA66F5F}.Debug|Any CPU.ActiveCfg = Debug|Any CPU
		{5D7AF104-9275-423E-BBBA-B3120BA66F5F}.Debug|Any CPU.Build.0 = Debug|Any CPU
		{5D7AF104-9275-423E-BBBA-B3120BA66F5F}.Release|Any CPU.ActiveCfg = Release|Any CPU
		{5D7AF104-9275-423E-BBBA-B3120BA66F5F}.Release|Any CPU.Build.0 = Release|Any CPU
		{1D9328A5-95AB-4A51-9037-7C92FE621209}.Debug|Any CPU.ActiveCfg = Debug|Any CPU
		{1D9328A5-95AB-4A51-9037-7C92FE621209}.Debug|Any CPU.Build.0 = Debug|Any CPU
		{1D9328A5-95AB-4A51-9037-7C92FE621209}.Release|Any CPU.ActiveCfg = Release|Any CPU
		{1D9328A5-95AB-4A51-9037-7C92FE621209}.Release|Any CPU.Build.0 = Release|Any CPU
		{5DAE94AB-4C45-46CE-83FE-971DD892A07D}.Debug|Any CPU.ActiveCfg = Debug|Any CPU
		{5DAE94AB-4C45-46CE-83FE-971DD892A07D}.Debug|Any CPU.Build.0 = Debug|Any CPU
		{5DAE94AB-4C45-46CE-83FE-971DD892A07D}.Release|Any CPU.ActiveCfg = Release|Any CPU
		{5DAE94AB-4C45-46CE-83FE-971DD892A07D}.Release|Any CPU.Build.0 = Release|Any CPU
		{14991C68-0997-4B59-A471-F3681EDCE13E}.Debug|Any CPU.ActiveCfg = Debug|Any CPU
		{14991C68-0997-4B59-A471-F3681EDCE13E}.Debug|Any CPU.Build.0 = Debug|Any CPU
		{14991C68-0997-4B59-A471-F3681EDCE13E}.Release|Any CPU.ActiveCfg = Release|Any CPU
		{14991C68-0997-4B59-A471-F3681EDCE13E}.Release|Any CPU.Build.0 = Release|Any CPU
		{999B9A92-FAF9-4F84-855C-9E2B45606F93}.Debug|Any CPU.ActiveCfg = Debug|Any CPU
		{999B9A92-FAF9-4F84-855C-9E2B45606F93}.Debug|Any CPU.Build.0 = Debug|Any CPU
		{999B9A92-FAF9-4F84-855C-9E2B45606F93}.Release|Any CPU.ActiveCfg = Release|Any CPU
		{999B9A92-FAF9-4F84-855C-9E2B45606F93}.Release|Any CPU.Build.0 = Release|Any CPU
		{5CB75004-88B0-4A8B-9E3D-6D4F8A5B0859}.Debug|Any CPU.ActiveCfg = Debug|Any CPU
		{5CB75004-88B0-4A8B-9E3D-6D4F8A5B0859}.Debug|Any CPU.Build.0 = Debug|Any CPU
		{5CB75004-88B0-4A8B-9E3D-6D4F8A5B0859}.Release|Any CPU.ActiveCfg = Release|Any CPU
		{5CB75004-88B0-4A8B-9E3D-6D4F8A5B0859}.Release|Any CPU.Build.0 = Release|Any CPU
		{BBF3E8EF-D23C-4521-9923-136D418EA217}.Debug|Any CPU.ActiveCfg = Debug|Any CPU
		{BBF3E8EF-D23C-4521-9923-136D418EA217}.Debug|Any CPU.Build.0 = Debug|Any CPU
		{BBF3E8EF-D23C-4521-9923-136D418EA217}.Release|Any CPU.ActiveCfg = Release|Any CPU
		{BBF3E8EF-D23C-4521-9923-136D418EA217}.Release|Any CPU.Build.0 = Release|Any CPU
		{654E9C93-099C-44B8-8E4D-AA80149DD8AB}.Debug|Any CPU.ActiveCfg = Debug|Any CPU
		{654E9C93-099C-44B8-8E4D-AA80149DD8AB}.Debug|Any CPU.Build.0 = Debug|Any CPU
		{654E9C93-099C-44B8-8E4D-AA80149DD8AB}.Release|Any CPU.ActiveCfg = Release|Any CPU
		{654E9C93-099C-44B8-8E4D-AA80149DD8AB}.Release|Any CPU.Build.0 = Release|Any CPU
		{D171FE05-078D-44DC-A555-BA6724AEA7EE}.Debug|Any CPU.ActiveCfg = Debug|Any CPU
		{D171FE05-078D-44DC-A555-BA6724AEA7EE}.Debug|Any CPU.Build.0 = Debug|Any CPU
		{D171FE05-078D-44DC-A555-BA6724AEA7EE}.Release|Any CPU.ActiveCfg = Release|Any CPU
		{D171FE05-078D-44DC-A555-BA6724AEA7EE}.Release|Any CPU.Build.0 = Release|Any CPU
		{1016962C-48A5-4B68-BEF8-042096171CA2}.Debug|Any CPU.ActiveCfg = Debug|Any CPU
		{1016962C-48A5-4B68-BEF8-042096171CA2}.Debug|Any CPU.Build.0 = Debug|Any CPU
		{1016962C-48A5-4B68-BEF8-042096171CA2}.Release|Any CPU.ActiveCfg = Release|Any CPU
		{1016962C-48A5-4B68-BEF8-042096171CA2}.Release|Any CPU.Build.0 = Release|Any CPU
		{FF1BBC98-2D73-4206-B1E6-D0F30B6230F5}.Debug|Any CPU.ActiveCfg = Debug|Any CPU
		{FF1BBC98-2D73-4206-B1E6-D0F30B6230F5}.Debug|Any CPU.Build.0 = Debug|Any CPU
		{FF1BBC98-2D73-4206-B1E6-D0F30B6230F5}.Release|Any CPU.ActiveCfg = Release|Any CPU
		{FF1BBC98-2D73-4206-B1E6-D0F30B6230F5}.Release|Any CPU.Build.0 = Release|Any CPU
		{4AABBC29-6974-4786-B5E8-CE264DB460BA}.Debug|Any CPU.ActiveCfg = Debug|Any CPU
		{4AABBC29-6974-4786-B5E8-CE264DB460BA}.Debug|Any CPU.Build.0 = Debug|Any CPU
		{4AABBC29-6974-4786-B5E8-CE264DB460BA}.Release|Any CPU.ActiveCfg = Release|Any CPU
		{4AABBC29-6974-4786-B5E8-CE264DB460BA}.Release|Any CPU.Build.0 = Release|Any CPU
		{089CBF72-ECDA-403E-9547-3D53DA81ECB2}.Debug|Any CPU.ActiveCfg = Debug|Any CPU
		{089CBF72-ECDA-403E-9547-3D53DA81ECB2}.Debug|Any CPU.Build.0 = Debug|Any CPU
		{089CBF72-ECDA-403E-9547-3D53DA81ECB2}.Release|Any CPU.ActiveCfg = Release|Any CPU
		{089CBF72-ECDA-403E-9547-3D53DA81ECB2}.Release|Any CPU.Build.0 = Release|Any CPU
		{DB292B14-B86F-4B3E-ACFB-B93132E8ADFF}.Debug|Any CPU.ActiveCfg = Debug|Any CPU
		{DB292B14-B86F-4B3E-ACFB-B93132E8ADFF}.Debug|Any CPU.Build.0 = Debug|Any CPU
		{DB292B14-B86F-4B3E-ACFB-B93132E8ADFF}.Release|Any CPU.ActiveCfg = Release|Any CPU
		{DB292B14-B86F-4B3E-ACFB-B93132E8ADFF}.Release|Any CPU.Build.0 = Release|Any CPU
		{0EBFAA60-E08D-473D-A3CD-746822CA6B84}.Debug|Any CPU.ActiveCfg = Debug|Any CPU
		{0EBFAA60-E08D-473D-A3CD-746822CA6B84}.Debug|Any CPU.Build.0 = Debug|Any CPU
		{0EBFAA60-E08D-473D-A3CD-746822CA6B84}.Release|Any CPU.ActiveCfg = Release|Any CPU
		{0EBFAA60-E08D-473D-A3CD-746822CA6B84}.Release|Any CPU.Build.0 = Release|Any CPU
		{0A88AA39-776E-4858-8856-980029475269}.Debug|Any CPU.ActiveCfg = Debug|Any CPU
		{0A88AA39-776E-4858-8856-980029475269}.Debug|Any CPU.Build.0 = Debug|Any CPU
		{0A88AA39-776E-4858-8856-980029475269}.Release|Any CPU.ActiveCfg = Release|Any CPU
		{0A88AA39-776E-4858-8856-980029475269}.Release|Any CPU.Build.0 = Release|Any CPU
		{4C09267C-D74D-4E5E-AA04-1AD4BB764D74}.Debug|Any CPU.ActiveCfg = Debug|Any CPU
		{4C09267C-D74D-4E5E-AA04-1AD4BB764D74}.Debug|Any CPU.Build.0 = Debug|Any CPU
		{4C09267C-D74D-4E5E-AA04-1AD4BB764D74}.Release|Any CPU.ActiveCfg = Release|Any CPU
		{4C09267C-D74D-4E5E-AA04-1AD4BB764D74}.Release|Any CPU.Build.0 = Release|Any CPU
		{E1809F03-A290-4251-B216-9690FE47E037}.Debug|Any CPU.ActiveCfg = Debug|Any CPU
		{E1809F03-A290-4251-B216-9690FE47E037}.Debug|Any CPU.Build.0 = Debug|Any CPU
		{E1809F03-A290-4251-B216-9690FE47E037}.Release|Any CPU.ActiveCfg = Release|Any CPU
		{E1809F03-A290-4251-B216-9690FE47E037}.Release|Any CPU.Build.0 = Release|Any CPU
		{C10BC377-BE2B-44AF-8953-54E9144C51A2}.Debug|Any CPU.ActiveCfg = Debug|Any CPU
		{C10BC377-BE2B-44AF-8953-54E9144C51A2}.Debug|Any CPU.Build.0 = Debug|Any CPU
		{C10BC377-BE2B-44AF-8953-54E9144C51A2}.Release|Any CPU.ActiveCfg = Release|Any CPU
		{C10BC377-BE2B-44AF-8953-54E9144C51A2}.Release|Any CPU.Build.0 = Release|Any CPU
		{BA988B2E-60B7-421F-8666-B9B551453656}.Debug|Any CPU.ActiveCfg = Debug|Any CPU
		{BA988B2E-60B7-421F-8666-B9B551453656}.Debug|Any CPU.Build.0 = Debug|Any CPU
		{BA988B2E-60B7-421F-8666-B9B551453656}.Release|Any CPU.ActiveCfg = Release|Any CPU
		{BA988B2E-60B7-421F-8666-B9B551453656}.Release|Any CPU.Build.0 = Release|Any CPU
		{17965046-E5E5-4045-9B36-7AE0A4960AC9}.Debug|Any CPU.ActiveCfg = Debug|Any CPU
		{17965046-E5E5-4045-9B36-7AE0A4960AC9}.Debug|Any CPU.Build.0 = Debug|Any CPU
		{17965046-E5E5-4045-9B36-7AE0A4960AC9}.Release|Any CPU.ActiveCfg = Release|Any CPU
		{17965046-E5E5-4045-9B36-7AE0A4960AC9}.Release|Any CPU.Build.0 = Release|Any CPU
		{824A6469-3AFE-4BD4-99A0-4C7065CCF7AB}.Debug|Any CPU.ActiveCfg = Debug|Any CPU
		{824A6469-3AFE-4BD4-99A0-4C7065CCF7AB}.Debug|Any CPU.Build.0 = Debug|Any CPU
		{824A6469-3AFE-4BD4-99A0-4C7065CCF7AB}.Release|Any CPU.ActiveCfg = Release|Any CPU
		{824A6469-3AFE-4BD4-99A0-4C7065CCF7AB}.Release|Any CPU.Build.0 = Release|Any CPU
		{1DDC0DD7-2B72-4E89-9D3C-1A8C559EAA03}.Debug|Any CPU.ActiveCfg = Debug|Any CPU
		{1DDC0DD7-2B72-4E89-9D3C-1A8C559EAA03}.Debug|Any CPU.Build.0 = Debug|Any CPU
		{1DDC0DD7-2B72-4E89-9D3C-1A8C559EAA03}.Release|Any CPU.ActiveCfg = Release|Any CPU
		{1DDC0DD7-2B72-4E89-9D3C-1A8C559EAA03}.Release|Any CPU.Build.0 = Release|Any CPU
		{F817788F-2DB1-4643-93AB-CFAAE0ECF54A}.Debug|Any CPU.ActiveCfg = Debug|Any CPU
		{F817788F-2DB1-4643-93AB-CFAAE0ECF54A}.Debug|Any CPU.Build.0 = Debug|Any CPU
		{F817788F-2DB1-4643-93AB-CFAAE0ECF54A}.Release|Any CPU.ActiveCfg = Release|Any CPU
		{F817788F-2DB1-4643-93AB-CFAAE0ECF54A}.Release|Any CPU.Build.0 = Release|Any CPU
		{73D5C629-64DF-4DC1-BD72-BFF94DF64E23}.Debug|Any CPU.ActiveCfg = Debug|Any CPU
		{73D5C629-64DF-4DC1-BD72-BFF94DF64E23}.Debug|Any CPU.Build.0 = Debug|Any CPU
		{73D5C629-64DF-4DC1-BD72-BFF94DF64E23}.Release|Any CPU.ActiveCfg = Release|Any CPU
		{73D5C629-64DF-4DC1-BD72-BFF94DF64E23}.Release|Any CPU.Build.0 = Release|Any CPU
		{06CEA965-8879-4CF1-A85B-1FB0973A0E19}.Debug|Any CPU.ActiveCfg = Debug|Any CPU
		{06CEA965-8879-4CF1-A85B-1FB0973A0E19}.Debug|Any CPU.Build.0 = Debug|Any CPU
		{06CEA965-8879-4CF1-A85B-1FB0973A0E19}.Release|Any CPU.ActiveCfg = Release|Any CPU
		{06CEA965-8879-4CF1-A85B-1FB0973A0E19}.Release|Any CPU.Build.0 = Release|Any CPU
		{F0438D55-B2DF-4076-9507-44E95ABFDD2E}.Debug|Any CPU.ActiveCfg = Debug|Any CPU
		{F0438D55-B2DF-4076-9507-44E95ABFDD2E}.Debug|Any CPU.Build.0 = Debug|Any CPU
		{F0438D55-B2DF-4076-9507-44E95ABFDD2E}.Release|Any CPU.ActiveCfg = Release|Any CPU
		{F0438D55-B2DF-4076-9507-44E95ABFDD2E}.Release|Any CPU.Build.0 = Release|Any CPU
		{E7639F1A-FF04-42D8-B165-4DE1CD857191}.Debug|Any CPU.ActiveCfg = Debug|Any CPU
		{E7639F1A-FF04-42D8-B165-4DE1CD857191}.Debug|Any CPU.Build.0 = Debug|Any CPU
		{E7639F1A-FF04-42D8-B165-4DE1CD857191}.Release|Any CPU.ActiveCfg = Release|Any CPU
		{E7639F1A-FF04-42D8-B165-4DE1CD857191}.Release|Any CPU.Build.0 = Release|Any CPU
		{A54C0D08-A281-4E05-AC18-66DE0DDA2AE4}.Debug|Any CPU.ActiveCfg = Debug|Any CPU
		{A54C0D08-A281-4E05-AC18-66DE0DDA2AE4}.Debug|Any CPU.Build.0 = Debug|Any CPU
		{A54C0D08-A281-4E05-AC18-66DE0DDA2AE4}.Release|Any CPU.ActiveCfg = Release|Any CPU
		{A54C0D08-A281-4E05-AC18-66DE0DDA2AE4}.Release|Any CPU.Build.0 = Release|Any CPU
		{ACBD4124-DFA0-424F-A200-F462FC97B2B7}.Debug|Any CPU.ActiveCfg = Debug|Any CPU
		{ACBD4124-DFA0-424F-A200-F462FC97B2B7}.Debug|Any CPU.Build.0 = Debug|Any CPU
		{ACBD4124-DFA0-424F-A200-F462FC97B2B7}.Release|Any CPU.ActiveCfg = Release|Any CPU
		{ACBD4124-DFA0-424F-A200-F462FC97B2B7}.Release|Any CPU.Build.0 = Release|Any CPU
		{6E9EF17E-7D02-471E-B95F-F504AA44A53C}.Debug|Any CPU.ActiveCfg = Debug|Any CPU
		{6E9EF17E-7D02-471E-B95F-F504AA44A53C}.Debug|Any CPU.Build.0 = Debug|Any CPU
		{6E9EF17E-7D02-471E-B95F-F504AA44A53C}.Release|Any CPU.ActiveCfg = Release|Any CPU
		{6E9EF17E-7D02-471E-B95F-F504AA44A53C}.Release|Any CPU.Build.0 = Release|Any CPU
	EndGlobalSection
	GlobalSection(SolutionProperties) = preSolution
		HideSolutionNode = FALSE
	EndGlobalSection
	GlobalSection(ExtensibilityGlobals) = postSolution
		SolutionGuid = {26A643C4-3214-4C1A-8A8B-D660F511147E}
	EndGlobalSection
EndGlobal
